
Microsoft Visual Studio Solution File, Format Version 12.00
# Visual Studio Version 16
VisualStudioVersion = 16.0.29418.71
MinimumVisualStudioVersion = 10.0.40219.1
Project("{9A19103F-16F7-4668-BE54-9A1E7A4F7556}") = "Jhulis.Rest", "Jhulis.Rest\Jhulis.Rest.csproj", "{ABD90B71-039A-46A1-8476-EA0A38570300}"
EndProject
Project("{9A19103F-16F7-4668-BE54-9A1E7A4F7556}") = "Jhulis.Core.Test", "Jhulis.Core.Test\Jhulis.Core.Test.csproj", "{DB6780EF-AFAA-4211-A04E-BC56D4E2AF24}"
EndProject
Project("{FAE04EC0-301F-11D3-BF4B-00C04F79EFBC}") = "Jhulis.Core", "Jhulis.Core\Jhulis.Core.csproj", "{B1571458-5F88-41D7-85A6-B504AB7CC761}"
EndProject
Global
	GlobalSection(SolutionConfigurationPlatforms) = preSolution
		Debug|Any CPU = Debug|Any CPU
		Release|Any CPU = Release|Any CPU
	EndGlobalSection
	GlobalSection(ProjectConfigurationPlatforms) = postSolution
		{ABD90B71-039A-46A1-8476-EA0A38570300}.Debug|Any CPU.ActiveCfg = Debug|Any CPU
		{ABD90B71-039A-46A1-8476-EA0A38570300}.Debug|Any CPU.Build.0 = Debug|Any CPU
		{ABD90B71-039A-46A1-8476-EA0A38570300}.Release|Any CPU.ActiveCfg = Release|Any CPU
		{ABD90B71-039A-46A1-8476-EA0A38570300}.Release|Any CPU.Build.0 = Release|Any CPU
		{DB6780EF-AFAA-4211-A04E-BC56D4E2AF24}.Debug|Any CPU.ActiveCfg = Debug|Any CPU
		{DB6780EF-AFAA-4211-A04E-BC56D4E2AF24}.Debug|Any CPU.Build.0 = Debug|Any CPU
		{DB6780EF-AFAA-4211-A04E-BC56D4E2AF24}.Release|Any CPU.ActiveCfg = Release|Any CPU
		{DB6780EF-AFAA-4211-A04E-BC56D4E2AF24}.Release|Any CPU.Build.0 = Release|Any CPU
		{B1571458-5F88-41D7-85A6-B504AB7CC761}.Debug|Any CPU.ActiveCfg = Debug|Any CPU
		{B1571458-5F88-41D7-85A6-B504AB7CC761}.Debug|Any CPU.Build.0 = Debug|Any CPU
		{B1571458-5F88-41D7-85A6-B504AB7CC761}.Release|Any CPU.ActiveCfg = Release|Any CPU
		{B1571458-5F88-41D7-85A6-B504AB7CC761}.Release|Any CPU.Build.0 = Release|Any CPU
	EndGlobalSection
	GlobalSection(SolutionProperties) = preSolution
		HideSolutionNode = FALSE
	EndGlobalSection
	GlobalSection(ExtensibilityGlobals) = postSolution
		SolutionGuid = {4D42A940-7FBA-4ACC-A7D0-EF7997CF51E0}
	EndGlobalSection
EndGlobal
